
Microsoft Visual Studio Solution File, Format Version 12.00
# Visual Studio Version 16
VisualStudioVersion = 16.0.29025.244
MinimumVisualStudioVersion = 10.0.40219.1
Project("{9A19103F-16F7-4668-BE54-9A1E7A4F7556}") = "parser", "parser\parser.csproj", "{A72636E6-63AB-4B27-8448-9A27882907A3}"
EndProject
Project("{FAE04EC0-301F-11D3-BF4B-00C04F79EFBC}") = "BotClass", "BotClass\BotClass.csproj", "{06DF2A76-0A64-4402-80BA-89557C9F129B}"
EndProject
Global
	GlobalSection(SolutionConfigurationPlatforms) = preSolution
		Debug|Any CPU = Debug|Any CPU
		Release|Any CPU = Release|Any CPU
	EndGlobalSection
	GlobalSection(ProjectConfigurationPlatforms) = postSolution
		{A72636E6-63AB-4B27-8448-9A27882907A3}.Debug|Any CPU.ActiveCfg = Debug|Any CPU
		{A72636E6-63AB-4B27-8448-9A27882907A3}.Debug|Any CPU.Build.0 = Debug|Any CPU
		{A72636E6-63AB-4B27-8448-9A27882907A3}.Release|Any CPU.ActiveCfg = Release|Any CPU
		{A72636E6-63AB-4B27-8448-9A27882907A3}.Release|Any CPU.Build.0 = Release|Any CPU
		{06DF2A76-0A64-4402-80BA-89557C9F129B}.Debug|Any CPU.ActiveCfg = Debug|Any CPU
		{06DF2A76-0A64-4402-80BA-89557C9F129B}.Debug|Any CPU.Build.0 = Debug|Any CPU
		{06DF2A76-0A64-4402-80BA-89557C9F129B}.Release|Any CPU.ActiveCfg = Release|Any CPU
		{06DF2A76-0A64-4402-80BA-89557C9F129B}.Release|Any CPU.Build.0 = Release|Any CPU
	EndGlobalSection
	GlobalSection(SolutionProperties) = preSolution
		HideSolutionNode = FALSE
	EndGlobalSection
	GlobalSection(ExtensibilityGlobals) = postSolution
		SolutionGuid = {F9BC2800-649A-4C9D-BEF2-4DA1260B1F10}
	EndGlobalSection
EndGlobal
